
Microsoft Visual Studio Solution File, Format Version 12.00
# Visual Studio Version 17
VisualStudioVersion = 17.9.34728.123
MinimumVisualStudioVersion = 10.0.40219.1
Project("{FAE04EC0-301F-11D3-BF4B-00C04F79EFBC}") = "Machine_Learning_Image_clasification", "Machine_Learning_Image_clasification.csproj", "{594FCAA2-8643-4178-83B1-C6F957BF6A8D}"
EndProject
Global
	GlobalSection(SolutionConfigurationPlatforms) = preSolution
		Debug|Any CPU = Debug|Any CPU
		Release|Any CPU = Release|Any CPU
	EndGlobalSection
	GlobalSection(ProjectConfigurationPlatforms) = postSolution
		{594FCAA2-8643-4178-83B1-C6F957BF6A8D}.Debug|Any CPU.ActiveCfg = Debug|Any CPU
		{594FCAA2-8643-4178-83B1-C6F957BF6A8D}.Debug|Any CPU.Build.0 = Debug|Any CPU
		{594FCAA2-8643-4178-83B1-C6F957BF6A8D}.Release|Any CPU.ActiveCfg = Release|Any CPU
		{594FCAA2-8643-4178-83B1-C6F957BF6A8D}.Release|Any CPU.Build.0 = Release|Any CPU
	EndGlobalSection
	GlobalSection(SolutionProperties) = preSolution
		HideSolutionNode = FALSE
	EndGlobalSection
	GlobalSection(ExtensibilityGlobals) = postSolution
		SolutionGuid = {54FF2B68-4771-443D-85E2-8356EA0D3279}
	EndGlobalSection
EndGlobal
